// !$*UTF8*$!
{
	archiveVersion = 1;
	classes = {
	};
	objectVersion = 77;
	objects = {

/* Begin PBXContainerItemProxy section */
		041B29942D9C185B0078490E /* PBXContainerItemProxy */ = {
			isa = PBXContainerItemProxy;
			containerPortal = 041B29762D9C18590078490E /* Project object */;
			proxyType = 1;
			remoteGlobalIDString = 041B297D2D9C18590078490E;
			remoteInfo = SwiftUIClickerGameNotes;
		};
		041B299E2D9C185B0078490E /* PBXContainerItemProxy */ = {
			isa = PBXContainerItemProxy;
			containerPortal = 041B29762D9C18590078490E /* Project object */;
			proxyType = 1;
			remoteGlobalIDString = 041B297D2D9C18590078490E;
			remoteInfo = SwiftUIClickerGameNotes;
		};
/* End PBXContainerItemProxy section */

/* Begin PBXFileReference section */
		041B297E2D9C18590078490E /* SwiftUIClickerGameNotes.app */ = {isa = PBXFileReference; explicitFileType = wrapper.application; includeInIndex = 0; path = SwiftUIClickerGameNotes.app; sourceTree = BUILT_PRODUCTS_DIR; };
		041B29932D9C185B0078490E /* SwiftUIClickerGameNotesTests.xctest */ = {isa = PBXFileReference; explicitFileType = wrapper.cfbundle; includeInIndex = 0; path = SwiftUIClickerGameNotesTests.xctest; sourceTree = BUILT_PRODUCTS_DIR; };
		041B299D2D9C185B0078490E /* SwiftUIClickerGameNotesUITests.xctest */ = {isa = PBXFileReference; explicitFileType = wrapper.cfbundle; includeInIndex = 0; path = SwiftUIClickerGameNotesUITests.xctest; sourceTree = BUILT_PRODUCTS_DIR; };
/* End PBXFileReference section */

/* Begin PBXFileSystemSynchronizedRootGroup section */
		041B29802D9C18590078490E /* SwiftUIClickerGameNotes */ = {
			isa = PBXFileSystemSynchronizedRootGroup;
			path = SwiftUIClickerGameNotes;
			sourceTree = "<group>";
		};
		041B29962D9C185B0078490E /* SwiftUIClickerGameNotesTests */ = {
			isa = PBXFileSystemSynchronizedRootGroup;
			path = SwiftUIClickerGameNotesTests;
			sourceTree = "<group>";
		};
		041B29A02D9C185B0078490E /* SwiftUIClickerGameNotesUITests */ = {
			isa = PBXFileSystemSynchronizedRootGroup;
			path = SwiftUIClickerGameNotesUITests;
			sourceTree = "<group>";
		};
/* End PBXFileSystemSynchronizedRootGroup section */

/* Begin PBXFrameworksBuildPhase section */
		041B297B2D9C18590078490E /* Frameworks */ = {
			isa = PBXFrameworksBuildPhase;
			buildActionMask = 2147483647;
			files = (
			);
			runOnlyForDeploymentPostprocessing = 0;
		};
		041B29902D9C185B0078490E /* Frameworks */ = {
			isa = PBXFrameworksBuildPhase;
			buildActionMask = 2147483647;
			files = (
			);
			runOnlyForDeploymentPostprocessing = 0;
		};
		041B299A2D9C185B0078490E /* Frameworks */ = {
			isa = PBXFrameworksBuildPhase;
			buildActionMask = 2147483647;
			files = (
			);
			runOnlyForDeploymentPostprocessing = 0;
		};
/* End PBXFrameworksBuildPhase section */

/* Begin PBXGroup section */
		041B29752D9C18590078490E = {
			isa = PBXGroup;
			children = (
				041B29802D9C18590078490E /* SwiftUIClickerGameNotes */,
				041B29962D9C185B0078490E /* SwiftUIClickerGameNotesTests */,
				041B29A02D9C185B0078490E /* SwiftUIClickerGameNotesUITests */,
				041B297F2D9C18590078490E /* Products */,
			);
			sourceTree = "<group>";
		};
		041B297F2D9C18590078490E /* Products */ = {
			isa = PBXGroup;
			children = (
				041B297E2D9C18590078490E /* SwiftUIClickerGameNotes.app */,
				041B29932D9C185B0078490E /* SwiftUIClickerGameNotesTests.xctest */,
				041B299D2D9C185B0078490E /* SwiftUIClickerGameNotesUITests.xctest */,
			);
			name = Products;
			sourceTree = "<group>";
		};
/* End PBXGroup section */

/* Begin PBXNativeTarget section */
		041B297D2D9C18590078490E /* SwiftUIClickerGameNotes */ = {
			isa = PBXNativeTarget;
			buildConfigurationList = 041B29A72D9C185B0078490E /* Build configuration list for PBXNativeTarget "SwiftUIClickerGameNotes" */;
			buildPhases = (
				041B297A2D9C18590078490E /* Sources */,
				041B297B2D9C18590078490E /* Frameworks */,
				041B297C2D9C18590078490E /* Resources */,
			);
			buildRules = (
			);
			dependencies = (
			);
			fileSystemSynchronizedGroups = (
				041B29802D9C18590078490E /* SwiftUIClickerGameNotes */,
			);
			name = SwiftUIClickerGameNotes;
			packageProductDependencies = (
			);
			productName = SwiftUIClickerGameNotes;
			productReference = 041B297E2D9C18590078490E /* SwiftUIClickerGameNotes.app */;
			productType = "com.apple.product-type.application";
		};
		041B29922D9C185B0078490E /* SwiftUIClickerGameNotesTests */ = {
			isa = PBXNativeTarget;
			buildConfigurationList = 041B29AA2D9C185B0078490E /* Build configuration list for PBXNativeTarget "SwiftUIClickerGameNotesTests" */;
			buildPhases = (
				041B298F2D9C185B0078490E /* Sources */,
				041B29902D9C185B0078490E /* Frameworks */,
				041B29912D9C185B0078490E /* Resources */,
			);
			buildRules = (
			);
			dependencies = (
				041B29952D9C185B0078490E /* PBXTargetDependency */,
			);
			fileSystemSynchronizedGroups = (
				041B29962D9C185B0078490E /* SwiftUIClickerGameNotesTests */,
			);
			name = SwiftUIClickerGameNotesTests;
			packageProductDependencies = (
			);
			productName = SwiftUIClickerGameNotesTests;
			productReference = 041B29932D9C185B0078490E /* SwiftUIClickerGameNotesTests.xctest */;
			productType = "com.apple.product-type.bundle.unit-test";
		};
		041B299C2D9C185B0078490E /* SwiftUIClickerGameNotesUITests */ = {
			isa = PBXNativeTarget;
			buildConfigurationList = 041B29AD2D9C185B0078490E /* Build configuration list for PBXNativeTarget "SwiftUIClickerGameNotesUITests" */;
			buildPhases = (
				041B29992D9C185B0078490E /* Sources */,
				041B299A2D9C185B0078490E /* Frameworks */,
				041B299B2D9C185B0078490E /* Resources */,
			);
			buildRules = (
			);
			dependencies = (
				041B299F2D9C185B0078490E /* PBXTargetDependency */,
			);
			fileSystemSynchronizedGroups = (
				041B29A02D9C185B0078490E /* SwiftUIClickerGameNotesUITests */,
			);
			name = SwiftUIClickerGameNotesUITests;
			packageProductDependencies = (
			);
			productName = SwiftUIClickerGameNotesUITests;
			productReference = 041B299D2D9C185B0078490E /* SwiftUIClickerGameNotesUITests.xctest */;
			productType = "com.apple.product-type.bundle.ui-testing";
		};
/* End PBXNativeTarget section */

/* Begin PBXProject section */
		041B29762D9C18590078490E /* Project object */ = {
			isa = PBXProject;
			attributes = {
				BuildIndependentTargetsInParallel = 1;
				LastSwiftUpdateCheck = 1620;
				LastUpgradeCheck = 1620;
				TargetAttributes = {
					041B297D2D9C18590078490E = {
						CreatedOnToolsVersion = 16.2;
					};
					041B29922D9C185B0078490E = {
						CreatedOnToolsVersion = 16.2;
						TestTargetID = 041B297D2D9C18590078490E;
					};
					041B299C2D9C185B0078490E = {
						CreatedOnToolsVersion = 16.2;
						TestTargetID = 041B297D2D9C18590078490E;
					};
				};
			};
			buildConfigurationList = 041B29792D9C18590078490E /* Build configuration list for PBXProject "SwiftUIClickerGameNotes" */;
			developmentRegion = en;
			hasScannedForEncodings = 0;
			knownRegions = (
				en,
				Base,
			);
			mainGroup = 041B29752D9C18590078490E;
			minimizedProjectReferenceProxies = 1;
			preferredProjectObjectVersion = 77;
			productRefGroup = 041B297F2D9C18590078490E /* Products */;
			projectDirPath = "";
			projectRoot = "";
			targets = (
				041B297D2D9C18590078490E /* SwiftUIClickerGameNotes */,
				041B29922D9C185B0078490E /* SwiftUIClickerGameNotesTests */,
				041B299C2D9C185B0078490E /* SwiftUIClickerGameNotesUITests */,
			);
		};
/* End PBXProject section */

/* Begin PBXResourcesBuildPhase section */
		041B297C2D9C18590078490E /* Resources */ = {
			isa = PBXResourcesBuildPhase;
			buildActionMask = 2147483647;
			files = (
			);
			runOnlyForDeploymentPostprocessing = 0;
		};
		041B29912D9C185B0078490E /* Resources */ = {
			isa = PBXResourcesBuildPhase;
			buildActionMask = 2147483647;
			files = (
			);
			runOnlyForDeploymentPostprocessing = 0;
		};
		041B299B2D9C185B0078490E /* Resources */ = {
			isa = PBXResourcesBuildPhase;
			buildActionMask = 2147483647;
			files = (
			);
			runOnlyForDeploymentPostprocessing = 0;
		};
/* End PBXResourcesBuildPhase section */

/* Begin PBXSourcesBuildPhase section */
		041B297A2D9C18590078490E /* Sources */ = {
			isa = PBXSourcesBuildPhase;
			buildActionMask = 2147483647;
			files = (
			);
			runOnlyForDeploymentPostprocessing = 0;
		};
		041B298F2D9C185B0078490E /* Sources */ = {
			isa = PBXSourcesBuildPhase;
			buildActionMask = 2147483647;
			files = (
			);
			runOnlyForDeploymentPostprocessing = 0;
		};
		041B29992D9C185B0078490E /* Sources */ = {
			isa = PBXSourcesBuildPhase;
			buildActionMask = 2147483647;
			files = (
			);
			runOnlyForDeploymentPostprocessing = 0;
		};
/* End PBXSourcesBuildPhase section */

/* Begin PBXTargetDependency section */
		041B29952D9C185B0078490E /* PBXTargetDependency */ = {
			isa = PBXTargetDependency;
			target = 041B297D2D9C18590078490E /* SwiftUIClickerGameNotes */;
			targetProxy = 041B29942D9C185B0078490E /* PBXContainerItemProxy */;
		};
		041B299F2D9C185B0078490E /* PBXTargetDependency */ = {
			isa = PBXTargetDependency;
			target = 041B297D2D9C18590078490E /* SwiftUIClickerGameNotes */;
			targetProxy = 041B299E2D9C185B0078490E /* PBXContainerItemProxy */;
		};
/* End PBXTargetDependency section */

/* Begin XCBuildConfiguration section */
		041B29A52D9C185B0078490E /* Debug */ = {
			isa = XCBuildConfiguration;
			buildSettings = {
				ALWAYS_SEARCH_USER_PATHS = NO;
				ASSETCATALOG_COMPILER_GENERATE_SWIFT_ASSET_SYMBOL_EXTENSIONS = YES;
				CLANG_ANALYZER_NONNULL = YES;
				CLANG_ANALYZER_NUMBER_OBJECT_CONVERSION = YES_AGGRESSIVE;
				CLANG_CXX_LANGUAGE_STANDARD = "gnu++20";
				CLANG_ENABLE_MODULES = YES;
				CLANG_ENABLE_OBJC_ARC = YES;
				CLANG_ENABLE_OBJC_WEAK = YES;
				CLANG_WARN_BLOCK_CAPTURE_AUTORELEASING = YES;
				CLANG_WARN_BOOL_CONVERSION = YES;
				CLANG_WARN_COMMA = YES;
				CLANG_WARN_CONSTANT_CONVERSION = YES;
				CLANG_WARN_DEPRECATED_OBJC_IMPLEMENTATIONS = YES;
				CLANG_WARN_DIRECT_OBJC_ISA_USAGE = YES_ERROR;
				CLANG_WARN_DOCUMENTATION_COMMENTS = YES;
				CLANG_WARN_EMPTY_BODY = YES;
				CLANG_WARN_ENUM_CONVERSION = YES;
				CLANG_WARN_INFINITE_RECURSION = YES;
				CLANG_WARN_INT_CONVERSION = YES;
				CLANG_WARN_NON_LITERAL_NULL_CONVERSION = YES;
				CLANG_WARN_OBJC_IMPLICIT_RETAIN_SELF = YES;
				CLANG_WARN_OBJC_LITERAL_CONVERSION = YES;
				CLANG_WARN_OBJC_ROOT_CLASS = YES_ERROR;
				CLANG_WARN_QUOTED_INCLUDE_IN_FRAMEWORK_HEADER = YES;
				CLANG_WARN_RANGE_LOOP_ANALYSIS = YES;
				CLANG_WARN_STRICT_PROTOTYPES = YES;
				CLANG_WARN_SUSPICIOUS_MOVE = YES;
				CLANG_WARN_UNGUARDED_AVAILABILITY = YES_AGGRESSIVE;
				CLANG_WARN_UNREACHABLE_CODE = YES;
				CLANG_WARN__DUPLICATE_METHOD_MATCH = YES;
				COPY_PHASE_STRIP = NO;
				DEBUG_INFORMATION_FORMAT = dwarf;
				ENABLE_STRICT_OBJC_MSGSEND = YES;
				ENABLE_TESTABILITY = YES;
				ENABLE_USER_SCRIPT_SANDBOXING = YES;
				GCC_C_LANGUAGE_STANDARD = gnu17;
				GCC_DYNAMIC_NO_PIC = NO;
				GCC_NO_COMMON_BLOCKS = YES;
				GCC_OPTIMIZATION_LEVEL = 0;
				GCC_PREPROCESSOR_DEFINITIONS = (
					"DEBUG=1",
					"$(inherited)",
				);
				GCC_WARN_64_TO_32_BIT_CONVERSION = YES;
				GCC_WARN_ABOUT_RETURN_TYPE = YES_ERROR;
				GCC_WARN_UNDECLARED_SELECTOR = YES;
				GCC_WARN_UNINITIALIZED_AUTOS = YES_AGGRESSIVE;
				GCC_WARN_UNUSED_FUNCTION = YES;
				GCC_WARN_UNUSED_VARIABLE = YES;
				IPHONEOS_DEPLOYMENT_TARGET = 18.2;
				LOCALIZATION_PREFERS_STRING_CATALOGS = YES;
				MTL_ENABLE_DEBUG_INFO = INCLUDE_SOURCE;
				MTL_FAST_MATH = YES;
				ONLY_ACTIVE_ARCH = YES;
				SDKROOT = iphoneos;
				SWIFT_ACTIVE_COMPILATION_CONDITIONS = "DEBUG $(inherited)";
				SWIFT_OPTIMIZATION_LEVEL = "-Onone";
			};
			name = Debug;
		};
		041B29A62D9C185B0078490E /* Release */ = {
			isa = XCBuildConfiguration;
			buildSettings = {
				ALWAYS_SEARCH_USER_PATHS = NO;
				ASSETCATALOG_COMPILER_GENERATE_SWIFT_ASSET_SYMBOL_EXTENSIONS = YES;
				CLANG_ANALYZER_NONNULL = YES;
				CLANG_ANALYZER_NUMBER_OBJECT_CONVERSION = YES_AGGRESSIVE;
				CLANG_CXX_LANGUAGE_STANDARD = "gnu++20";
				CLANG_ENABLE_MODULES = YES;
				CLANG_ENABLE_OBJC_ARC = YES;
				CLANG_ENABLE_OBJC_WEAK = YES;
				CLANG_WARN_BLOCK_CAPTURE_AUTORELEASING = YES;
				CLANG_WARN_BOOL_CONVERSION = YES;
				CLANG_WARN_COMMA = YES;
				CLANG_WARN_CONSTANT_CONVERSION = YES;
				CLANG_WARN_DEPRECATED_OBJC_IMPLEMENTATIONS = YES;
				CLANG_WARN_DIRECT_OBJC_ISA_USAGE = YES_ERROR;
				CLANG_WARN_DOCUMENTATION_COMMENTS = YES;
				CLANG_WARN_EMPTY_BODY = YES;
				CLANG_WARN_ENUM_CONVERSION = YES;
				CLANG_WARN_INFINITE_RECURSION = YES;
				CLANG_WARN_INT_CONVERSION = YES;
				CLANG_WARN_NON_LITERAL_NULL_CONVERSION = YES;
				CLANG_WARN_OBJC_IMPLICIT_RETAIN_SELF = YES;
				CLANG_WARN_OBJC_LITERAL_CONVERSION = YES;
				CLANG_WARN_OBJC_ROOT_CLASS = YES_ERROR;
				CLANG_WARN_QUOTED_INCLUDE_IN_FRAMEWORK_HEADER = YES;
				CLANG_WARN_RANGE_LOOP_ANALYSIS = YES;
				CLANG_WARN_STRICT_PROTOTYPES = YES;
				CLANG_WARN_SUSPICIOUS_MOVE = YES;
				CLANG_WARN_UNGUARDED_AVAILABILITY = YES_AGGRESSIVE;
				CLANG_WARN_UNREACHABLE_CODE = YES;
				CLANG_WARN__DUPLICATE_METHOD_MATCH = YES;
				COPY_PHASE_STRIP = NO;
				DEBUG_INFORMATION_FORMAT = "dwarf-with-dsym";
				ENABLE_NS_ASSERTIONS = NO;
				ENABLE_STRICT_OBJC_MSGSEND = YES;
				ENABLE_USER_SCRIPT_SANDBOXING = YES;
				GCC_C_LANGUAGE_STANDARD = gnu17;
				GCC_NO_COMMON_BLOCKS = YES;
				GCC_WARN_64_TO_32_BIT_CONVERSION = YES;
				GCC_WARN_ABOUT_RETURN_TYPE = YES_ERROR;
				GCC_WARN_UNDECLARED_SELECTOR = YES;
				GCC_WARN_UNINITIALIZED_AUTOS = YES_AGGRESSIVE;
				GCC_WARN_UNUSED_FUNCTION = YES;
				GCC_WARN_UNUSED_VARIABLE = YES;
				IPHONEOS_DEPLOYMENT_TARGET = 18.2;
				LOCALIZATION_PREFERS_STRING_CATALOGS = YES;
				MTL_ENABLE_DEBUG_INFO = NO;
				MTL_FAST_MATH = YES;
				SDKROOT = iphoneos;
				SWIFT_COMPILATION_MODE = wholemodule;
				VALIDATE_PRODUCT = YES;
			};
			name = Release;
		};
		041B29A82D9C185B0078490E /* Debug */ = {
			isa = XCBuildConfiguration;
			buildSettings = {
				ASSETCATALOG_COMPILER_APPICON_NAME = AppIcon;
				ASSETCATALOG_COMPILER_GLOBAL_ACCENT_COLOR_NAME = AccentColor;
				CODE_SIGN_STYLE = Automatic;
				CURRENT_PROJECT_VERSION = 1;
				DEVELOPMENT_ASSET_PATHS = "\"SwiftUIClickerGameNotes/Preview Content\"";
				ENABLE_PREVIEWS = YES;
				GENERATE_INFOPLIST_FILE = YES;
				INFOPLIST_KEY_UIApplicationSceneManifest_Generation = YES;
				INFOPLIST_KEY_UIApplicationSupportsIndirectInputEvents = YES;
				INFOPLIST_KEY_UILaunchScreen_Generation = YES;
				INFOPLIST_KEY_UISupportedInterfaceOrientations_iPad = "UIInterfaceOrientationPortrait UIInterfaceOrientationPortraitUpsideDown UIInterfaceOrientationLandscapeLeft UIInterfaceOrientationLandscapeRight";
				INFOPLIST_KEY_UISupportedInterfaceOrientations_iPhone = "UIInterfaceOrientationPortrait UIInterfaceOrientationLandscapeLeft UIInterfaceOrientationLandscapeRight";
				LD_RUNPATH_SEARCH_PATHS = (
					"$(inherited)",
					"@executable_path/Frameworks",
				);
				MARKETING_VERSION = 1.0;
				PRODUCT_BUNDLE_IDENTIFIER = clc.SwiftUIClickerGameNotes;
				PRODUCT_NAME = "$(TARGET_NAME)";
				SWIFT_EMIT_LOC_STRINGS = YES;
				SWIFT_VERSION = 5.0;
				TARGETED_DEVICE_FAMILY = "1,2";
			};
			name = Debug;
		};
		041B29A92D9C185B0078490E /* Release */ = {
			isa = XCBuildConfiguration;
			buildSettings = {
				ASSETCATALOG_COMPILER_APPICON_NAME = AppIcon;
				ASSETCATALOG_COMPILER_GLOBAL_ACCENT_COLOR_NAME = AccentColor;
				CODE_SIGN_STYLE = Automatic;
				CURRENT_PROJECT_VERSION = 1;
				DEVELOPMENT_ASSET_PATHS = "\"SwiftUIClickerGameNotes/Preview Content\"";
				ENABLE_PREVIEWS = YES;
				GENERATE_INFOPLIST_FILE = YES;
				INFOPLIST_KEY_UIApplicationSceneManifest_Generation = YES;
				INFOPLIST_KEY_UIApplicationSupportsIndirectInputEvents = YES;
				INFOPLIST_KEY_UILaunchScreen_Generation = YES;
				INFOPLIST_KEY_UISupportedInterfaceOrientations_iPad = "UIInterfaceOrientationPortrait UIInterfaceOrientationPortraitUpsideDown UIInterfaceOrientationLandscapeLeft UIInterfaceOrientationLandscapeRight";
				INFOPLIST_KEY_UISupportedInterfaceOrientations_iPhone = "UIInterfaceOrientationPortrait UIInterfaceOrientationLandscapeLeft UIInterfaceOrientationLandscapeRight";
				LD_RUNPATH_SEARCH_PATHS = (
					"$(inherited)",
					"@executable_path/Frameworks",
				);
				MARKETING_VERSION = 1.0;
				PRODUCT_BUNDLE_IDENTIFIER = clc.SwiftUIClickerGameNotes;
				PRODUCT_NAME = "$(TARGET_NAME)";
				SWIFT_EMIT_LOC_STRINGS = YES;
				SWIFT_VERSION = 5.0;
				TARGETED_DEVICE_FAMILY = "1,2";
			};
			name = Release;
		};
		041B29AB2D9C185B0078490E /* Debug */ = {
			isa = XCBuildConfiguration;
			buildSettings = {
				BUNDLE_LOADER = "$(TEST_HOST)";
				CODE_SIGN_STYLE = Automatic;
				CURRENT_PROJECT_VERSION = 1;
				GENERATE_INFOPLIST_FILE = YES;
				IPHONEOS_DEPLOYMENT_TARGET = 18.2;
				MARKETING_VERSION = 1.0;
				PRODUCT_BUNDLE_IDENTIFIER = clc.SwiftUIClickerGameNotesTests;
				PRODUCT_NAME = "$(TARGET_NAME)";
				SWIFT_EMIT_LOC_STRINGS = NO;
				SWIFT_VERSION = 5.0;
				TARGETED_DEVICE_FAMILY = "1,2";
				TEST_HOST = "$(BUILT_PRODUCTS_DIR)/SwiftUIClickerGameNotes.app/$(BUNDLE_EXECUTABLE_FOLDER_PATH)/SwiftUIClickerGameNotes";
			};
			name = Debug;
		};
		041B29AC2D9C185B0078490E /* Release */ = {
			isa = XCBuildConfiguration;
			buildSettings = {
				BUNDLE_LOADER = "$(TEST_HOST)";
				CODE_SIGN_STYLE = Automatic;
				CURRENT_PROJECT_VERSION = 1;
				GENERATE_INFOPLIST_FILE = YES;
				IPHONEOS_DEPLOYMENT_TARGET = 18.2;
				MARKETING_VERSION = 1.0;
				PRODUCT_BUNDLE_IDENTIFIER = clc.SwiftUIClickerGameNotesTests;
				PRODUCT_NAME = "$(TARGET_NAME)";
				SWIFT_EMIT_LOC_STRINGS = NO;
				SWIFT_VERSION = 5.0;
				TARGETED_DEVICE_FAMILY = "1,2";
				TEST_HOST = "$(BUILT_PRODUCTS_DIR)/SwiftUIClickerGameNotes.app/$(BUNDLE_EXECUTABLE_FOLDER_PATH)/SwiftUIClickerGameNotes";
			};
			name = Release;
		};
		041B29AE2D9C185B0078490E /* Debug */ = {
			isa = XCBuildConfiguration;
			buildSettings = {
				CODE_SIGN_STYLE = Automatic;
				CURRENT_PROJECT_VERSION = 1;
				GENERATE_INFOPLIST_FILE = YES;
				MARKETING_VERSION = 1.0;
				PRODUCT_BUNDLE_IDENTIFIER = clc.SwiftUIClickerGameNotesUITests;
				PRODUCT_NAME = "$(TARGET_NAME)";
				SWIFT_EMIT_LOC_STRINGS = NO;
				SWIFT_VERSION = 5.0;
				TARGETED_DEVICE_FAMILY = "1,2";
				TEST_TARGET_NAME = SwiftUIClickerGameNotes;
			};
			name = Debug;
		};
		041B29AF2D9C185B0078490E /* Release */ = {
			isa = XCBuildConfiguration;
			buildSettings = {
				CODE_SIGN_STYLE = Automatic;
				CURRENT_PROJECT_VERSION = 1;
				GENERATE_INFOPLIST_FILE = YES;
				MARKETING_VERSION = 1.0;
				PRODUCT_BUNDLE_IDENTIFIER = clc.SwiftUIClickerGameNotesUITests;
				PRODUCT_NAME = "$(TARGET_NAME)";
				SWIFT_EMIT_LOC_STRINGS = NO;
				SWIFT_VERSION = 5.0;
				TARGETED_DEVICE_FAMILY = "1,2";
				TEST_TARGET_NAME = SwiftUIClickerGameNotes;
			};
			name = Release;
		};
/* End XCBuildConfiguration section */

/* Begin XCConfigurationList section */
		041B29792D9C18590078490E /* Build configuration list for PBXProject "SwiftUIClickerGameNotes" */ = {
			isa = XCConfigurationList;
			buildConfigurations = (
				041B29A52D9C185B0078490E /* Debug */,
				041B29A62D9C185B0078490E /* Release */,
			);
			defaultConfigurationIsVisible = 0;
			defaultConfigurationName = Release;
		};
		041B29A72D9C185B0078490E /* Build configuration list for PBXNativeTarget "SwiftUIClickerGameNotes" */ = {
			isa = XCConfigurationList;
			buildConfigurations = (
				041B29A82D9C185B0078490E /* Debug */,
				041B29A92D9C185B0078490E /* Release */,
			);
			defaultConfigurationIsVisible = 0;
			defaultConfigurationName = Release;
		};
		041B29AA2D9C185B0078490E /* Build configuration list for PBXNativeTarget "SwiftUIClickerGameNotesTests" */ = {
			isa = XCConfigurationList;
			buildConfigurations = (
				041B29AB2D9C185B0078490E /* Debug */,
				041B29AC2D9C185B0078490E /* Release */,
			);
			defaultConfigurationIsVisible = 0;
			defaultConfigurationName = Release;
		};
		041B29AD2D9C185B0078490E /* Build configuration list for PBXNativeTarget "SwiftUIClickerGameNotesUITests" */ = {
			isa = XCConfigurationList;
			buildConfigurations = (
				041B29AE2D9C185B0078490E /* Debug */,
				041B29AF2D9C185B0078490E /* Release */,
			);
			defaultConfigurationIsVisible = 0;
			defaultConfigurationName = Release;
		};
/* End XCConfigurationList section */
	};
	rootObject = 041B29762D9C18590078490E /* Project object */;
}
